
Microsoft Visual Studio Solution File, Format Version 12.00
# Visual Studio Version 17
VisualStudioVersion = 17.0.31903.59
MinimumVisualStudioVersion = 10.0.40219.1
Project("{9A19103F-16F7-4668-BE54-9A1E7A4F7556}") = "DDDOA.SolutionTemplate.API", "DDDOA.SolutionTemplate.API\DDDOA.SolutionTemplate.API.csproj", "{266749AC-D380-43BF-8956-B97A9B960A5E}"
EndProject
Project("{9A19103F-16F7-4668-BE54-9A1E7A4F7556}") = "DDDOA.SolutionTemplate.Application", "DDDOA.SolutionTemplate.Application\DDDOA.SolutionTemplate.Application.csproj", "{FAEA0D4B-E7C9-4D8D-9DCE-0F56AB722386}"
EndProject
Project("{9A19103F-16F7-4668-BE54-9A1E7A4F7556}") = "DDDOA.SolutionTemplate.Contracts", "DDDOA.SolutionTemplate.Contracts\DDDOA.SolutionTemplate.Contracts.csproj", "{330A1811-177F-4103-8E8E-2456C899FE2D}"
EndProject
Project("{9A19103F-16F7-4668-BE54-9A1E7A4F7556}") = "DDDOA.SolutionTemplate.Domain", "DDDOA.SolutionTemplate.Domain\DDDOA.SolutionTemplate.Domain.csproj", "{1DBD0F1F-BF8C-4F60-9F34-7232B5830857}"
EndProject
Project("{9A19103F-16F7-4668-BE54-9A1E7A4F7556}") = "DDDOA.SolutionTemplate.Insfrastructure", "DDDOA.SolutionTemplate.Insfrastructure\DDDOA.SolutionTemplate.Insfrastructure.csproj", "{E218A7D0-A9B6-4D1C-83D8-BB15292823CF}"
EndProject
Project("{9A19103F-16F7-4668-BE54-9A1E7A4F7556}") = "DDDOA.SolutionTemplate.Tests", "DDDOA.SolutionTemplate.Tests\DDDOA.SolutionTemplate.Tests.csproj", "{DE342A09-1994-4B82-8F9C-65789A418F51}"
EndProject
Global
	GlobalSection(SolutionConfigurationPlatforms) = preSolution
		Debug|Any CPU = Debug|Any CPU
		Release|Any CPU = Release|Any CPU
	EndGlobalSection
	GlobalSection(ProjectConfigurationPlatforms) = postSolution
		{266749AC-D380-43BF-8956-B97A9B960A5E}.Debug|Any CPU.ActiveCfg = Debug|Any CPU
		{266749AC-D380-43BF-8956-B97A9B960A5E}.Debug|Any CPU.Build.0 = Debug|Any CPU
		{266749AC-D380-43BF-8956-B97A9B960A5E}.Release|Any CPU.ActiveCfg = Release|Any CPU
		{266749AC-D380-43BF-8956-B97A9B960A5E}.Release|Any CPU.Build.0 = Release|Any CPU
		{FAEA0D4B-E7C9-4D8D-9DCE-0F56AB722386}.Debug|Any CPU.ActiveCfg = Debug|Any CPU
		{FAEA0D4B-E7C9-4D8D-9DCE-0F56AB722386}.Debug|Any CPU.Build.0 = Debug|Any CPU
		{FAEA0D4B-E7C9-4D8D-9DCE-0F56AB722386}.Release|Any CPU.ActiveCfg = Release|Any CPU
		{FAEA0D4B-E7C9-4D8D-9DCE-0F56AB722386}.Release|Any CPU.Build.0 = Release|Any CPU
		{330A1811-177F-4103-8E8E-2456C899FE2D}.Debug|Any CPU.ActiveCfg = Debug|Any CPU
		{330A1811-177F-4103-8E8E-2456C899FE2D}.Debug|Any CPU.Build.0 = Debug|Any CPU
		{330A1811-177F-4103-8E8E-2456C899FE2D}.Release|Any CPU.ActiveCfg = Release|Any CPU
		{330A1811-177F-4103-8E8E-2456C899FE2D}.Release|Any CPU.Build.0 = Release|Any CPU
		{1DBD0F1F-BF8C-4F60-9F34-7232B5830857}.Debug|Any CPU.ActiveCfg = Debug|Any CPU
		{1DBD0F1F-BF8C-4F60-9F34-7232B5830857}.Debug|Any CPU.Build.0 = Debug|Any CPU
		{1DBD0F1F-BF8C-4F60-9F34-7232B5830857}.Release|Any CPU.ActiveCfg = Release|Any CPU
		{1DBD0F1F-BF8C-4F60-9F34-7232B5830857}.Release|Any CPU.Build.0 = Release|Any CPU
		{E218A7D0-A9B6-4D1C-83D8-BB15292823CF}.Debug|Any CPU.ActiveCfg = Debug|Any CPU
		{E218A7D0-A9B6-4D1C-83D8-BB15292823CF}.Debug|Any CPU.Build.0 = Debug|Any CPU
		{E218A7D0-A9B6-4D1C-83D8-BB15292823CF}.Release|Any CPU.ActiveCfg = Release|Any CPU
		{E218A7D0-A9B6-4D1C-83D8-BB15292823CF}.Release|Any CPU.Build.0 = Release|Any CPU
		{DE342A09-1994-4B82-8F9C-65789A418F51}.Debug|Any CPU.ActiveCfg = Debug|Any CPU
		{DE342A09-1994-4B82-8F9C-65789A418F51}.Debug|Any CPU.Build.0 = Debug|Any CPU
		{DE342A09-1994-4B82-8F9C-65789A418F51}.Release|Any CPU.ActiveCfg = Release|Any CPU
		{DE342A09-1994-4B82-8F9C-65789A418F51}.Release|Any CPU.Build.0 = Release|Any CPU
	EndGlobalSection
	GlobalSection(SolutionProperties) = preSolution
		HideSolutionNode = FALSE
	EndGlobalSection
	GlobalSection(ExtensibilityGlobals) = postSolution
		SolutionGuid = {3C16B996-9BAD-4DDD-94B3-CFC50F3DEC21}
	EndGlobalSection
EndGlobal
